{
  "nodes": {
    "nixpkgs": {
      "locked": {
        "lastModified": 1669750745,
        "narHash": "sha256-C9ZNizmMiuML40Imt79rCoiMt1O4aM6TCg/ME1Uu/Q8=",
        "owner": "NixOS",
        "repo": "nixpkgs",
        "rev": "19a6b85e8f8daca80e38418e96247cc499e2640e",
        "type": "github"
      },
      "original": {
        "id": "nixpkgs",
        "type": "indirect"
      }
    },
    "root": {
      "inputs": {
        "nixpkgs": "nixpkgs"
      }
    }
  },
  "root": "root",
  "version": 7
}
